
Microsoft Visual Studio Solution File, Format Version 12.00
# Visual Studio Version 17
VisualStudioVersion = 17.0.31903.59
MinimumVisualStudioVersion = 10.0.40219.1
Project("{2150E333-8FDC-42A3-9474-1A3956D46DE8}") = "actor-engine", "actor-engine", "{48437529-89D3-4B9A-BF06-2D0658AFE256}"
EndProject
Project("{FAE04EC0-301F-11D3-BF4B-00C04F79EFBC}") = "EngineBay.ActorEngine", "actor-engine\EngineBay.ActorEngine\EngineBay.ActorEngine.csproj", "{685AAA18-2CEC-4F2C-9A65-30BC7B59619E}"
EndProject
Project("{FAE04EC0-301F-11D3-BF4B-00C04F79EFBC}") = "EngineBay.ActorEngine.Tests", "actor-engine\EngineBay.ActorEngine.Tests\EngineBay.ActorEngine.Tests.csproj", "{6B686C9F-0148-443E-9963-F36BF9A00BD5}"
EndProject
Project("{2150E333-8FDC-42A3-9474-1A3956D46DE8}") = "admin-portal", "admin-portal", "{F77B3D31-6353-462C-8A52-8137FE6BA29B}"
EndProject
Project("{FAE04EC0-301F-11D3-BF4B-00C04F79EFBC}") = "EngineBay.AdminPortal", "admin-portal\EngineBay.AdminPortal\EngineBay.AdminPortal.csproj", "{D96764EC-CFB4-4476-9157-D182AF966C7E}"
EndProject
Project("{FAE04EC0-301F-11D3-BF4B-00C04F79EFBC}") = "EngineBay.AdminPortal.Tests", "admin-portal\EngineBay.AdminPortal.Tests\EngineBay.AdminPortal.Tests.csproj", "{554CCA51-3790-40ED-BBD7-ECD1BCD830C5}"
EndProject
Project("{2150E333-8FDC-42A3-9474-1A3956D46DE8}") = "api-documentation", "api-documentation", "{D6F19697-8A8B-4F92-8291-6757113FFFDC}"
EndProject
Project("{FAE04EC0-301F-11D3-BF4B-00C04F79EFBC}") = "EngineBay.ApiDocumentation", "api-documentation\EngineBay.ApiDocumentation\EngineBay.ApiDocumentation.csproj", "{BAA09632-8CE6-48F3-A696-98A676B59280}"
EndProject
Project("{FAE04EC0-301F-11D3-BF4B-00C04F79EFBC}") = "EngineBay.ApiDocumentation.Tests", "api-documentation\EngineBay.ApiDocumentation.Tests\EngineBay.ApiDocumentation.Tests.csproj", "{D270D98A-99A6-492A-B002-502C3B71ADF2}"
EndProject
Project("{2150E333-8FDC-42A3-9474-1A3956D46DE8}") = "authentication", "authentication", "{C9789D27-5FEE-48CA-9560-62B83A7DC501}"
EndProject
Project("{FAE04EC0-301F-11D3-BF4B-00C04F79EFBC}") = "EngineBay.Authentication", "authentication\EngineBay.Authentication\EngineBay.Authentication.csproj", "{4A1D9F5F-F443-4566-AD13-71FEAF39DB75}"
EndProject
Project("{FAE04EC0-301F-11D3-BF4B-00C04F79EFBC}") = "EngineBay.Authentication.Tests", "authentication\EngineBay.Authentication.Tests\EngineBay.Authentication.Tests.csproj", "{176CAF44-81FC-4F8F-825B-294F81AC1991}"
EndProject
Project("{2150E333-8FDC-42A3-9474-1A3956D46DE8}") = "blueprints", "blueprints", "{62627660-831C-4AFB-8E77-D06D1D9A976C}"
EndProject
Project("{FAE04EC0-301F-11D3-BF4B-00C04F79EFBC}") = "EngineBay.Blueprints", "blueprints\EngineBay.Blueprints\EngineBay.Blueprints.csproj", "{71701063-7424-431A-86EF-F483FBB35FB8}"
EndProject
Project("{FAE04EC0-301F-11D3-BF4B-00C04F79EFBC}") = "EngineBay.Blueprints.Tests", "blueprints\EngineBay.Blueprints.Tests\EngineBay.Blueprints.Tests.csproj", "{6B88148C-3A5E-43BA-AF54-A2269547A1DB}"
EndProject
Project("{2150E333-8FDC-42A3-9474-1A3956D46DE8}") = "core", "core", "{CF8D2FE3-B4A9-41EB-ABFB-9FB9C548BFB6}"
EndProject
Project("{FAE04EC0-301F-11D3-BF4B-00C04F79EFBC}") = "EngineBay.Core", "core\EngineBay.Core\EngineBay.Core.csproj", "{6E182CC3-E268-4919-9F50-FC2274149B1D}"
EndProject
Project("{FAE04EC0-301F-11D3-BF4B-00C04F79EFBC}") = "EngineBay.Core.Tests", "core\EngineBay.Core.Tests\EngineBay.Core.Tests.csproj", "{F85E7ED0-6C65-4190-9404-D415242D42FE}"
EndProject
Project("{2150E333-8FDC-42A3-9474-1A3956D46DE8}") = "cors", "cors", "{498D71BB-8CE3-40AC-BFF2-71EAAEC42066}"
EndProject
Project("{FAE04EC0-301F-11D3-BF4B-00C04F79EFBC}") = "EngineBay.Cors", "cors\EngineBay.Cors\EngineBay.Cors.csproj", "{EA45613B-2CB0-4BF5-BC44-8AA20394EB2F}"
EndProject
Project("{FAE04EC0-301F-11D3-BF4B-00C04F79EFBC}") = "EngineBay.Cors.Tests", "cors\EngineBay.Cors.Tests\EngineBay.Cors.Tests.csproj", "{66CC91B3-5488-43A5-B704-86F32F8CEBF3}"
EndProject
Project("{2150E333-8FDC-42A3-9474-1A3956D46DE8}") = "data-protection", "data-protection", "{C753DF7C-163A-4562-AD6A-2A89BC45A9F2}"
EndProject
Project("{FAE04EC0-301F-11D3-BF4B-00C04F79EFBC}") = "EngineBay.DataProtection", "data-protection\EngineBay.DataProtection\EngineBay.DataProtection.csproj", "{41839BDF-FE04-42DE-A881-1219CF91F683}"
EndProject
Project("{FAE04EC0-301F-11D3-BF4B-00C04F79EFBC}") = "EngineBay.DataProtection.Tests", "data-protection\EngineBay.DataProtection.Tests\EngineBay.DataProtection.Tests.csproj", "{74656125-2471-4C76-9CE1-65C4FA4E6010}"
EndProject
Project("{2150E333-8FDC-42A3-9474-1A3956D46DE8}") = "database-management", "database-management", "{B26420F5-9D79-4BCA-BDAF-99E51B8BE0E3}"
EndProject
Project("{FAE04EC0-301F-11D3-BF4B-00C04F79EFBC}") = "EngineBay.DatabaseManagement", "database-management\EngineBay.DatabaseManagement\EngineBay.DatabaseManagement.csproj", "{A88BC905-CCFA-4E0D-80C3-CDF2B902268E}"
EndProject
Project("{FAE04EC0-301F-11D3-BF4B-00C04F79EFBC}") = "EngineBay.DatabaseManagement.Tests", "database-management\EngineBay.DatabaseManagement.Tests\EngineBay.DatabaseManagement.Tests.csproj", "{E78FFEC6-3101-4593-A516-E8B0F00564FA}"
EndProject
Project("{2150E333-8FDC-42A3-9474-1A3956D46DE8}") = "demo-module", "demo-module", "{10E4D91A-2957-4985-86BE-200A73EF51A6}"
EndProject
Project("{FAE04EC0-301F-11D3-BF4B-00C04F79EFBC}") = "EngineBay.DemoModule", "demo-module\EngineBay.DemoModule\EngineBay.DemoModule.csproj", "{3A7EC47A-43E8-43A7-886B-D2FF217A967F}"
EndProject
Project("{FAE04EC0-301F-11D3-BF4B-00C04F79EFBC}") = "EngineBay.DemoModule.Tests", "demo-module\EngineBay.DemoModule.Tests\EngineBay.DemoModule.Tests.csproj", "{0814E820-CC84-4224-A7FB-800DF954F9C7}"
EndProject
Project("{2150E333-8FDC-42A3-9474-1A3956D46DE8}") = "documentation-portal", "documentation-portal", "{45EB3BD1-1F5F-407B-B112-06C1CD943C26}"
EndProject
Project("{FAE04EC0-301F-11D3-BF4B-00C04F79EFBC}") = "EngineBay.DocumentationPortal", "documentation-portal\EngineBay.DocumentationPortal\EngineBay.DocumentationPortal.csproj", "{086C5C43-256B-44B1-B693-8C398C4EFB32}"
EndProject
Project("{FAE04EC0-301F-11D3-BF4B-00C04F79EFBC}") = "EngineBay.DocumentationPortal.Tests", "documentation-portal\EngineBay.DocumentationPortal.Tests\EngineBay.DocumentationPortal.Tests.csproj", "{FB1EDAA1-9A02-48D4-8EFC-C742B39C3E87}"
EndProject
Project("{2150E333-8FDC-42A3-9474-1A3956D46DE8}") = "engine-bay-ce", "engine-bay-ce", "{2DCECD09-CD82-4039-A2F8-2684195FA0FC}"
EndProject
Project("{FAE04EC0-301F-11D3-BF4B-00C04F79EFBC}") = "EngineBay.CommunityEdition", "engine-bay-ce\EngineBay.CommunityEdition\EngineBay.CommunityEdition.csproj", "{68BBEBE9-C101-4959-8987-B3CB7469A806}"
EndProject
Project("{FAE04EC0-301F-11D3-BF4B-00C04F79EFBC}") = "EngineBay.CommunityEdition.Tests", "engine-bay-ce\EngineBay.CommunityEdition.Tests\EngineBay.CommunityEdition.Tests.csproj", "{86D62AF9-BA91-430B-B09D-3462DE572B4A}"
EndProject
Project("{2150E333-8FDC-42A3-9474-1A3956D46DE8}") = "logging", "logging", "{B961A824-3728-4973-B05F-485352B5AA9E}"
EndProject
Project("{FAE04EC0-301F-11D3-BF4B-00C04F79EFBC}") = "EngineBay.Logging", "logging\EngineBay.Logging\EngineBay.Logging.csproj", "{1ED174B4-8331-4A21-AE54-73F3EA487FAF}"
EndProject
Project("{FAE04EC0-301F-11D3-BF4B-00C04F79EFBC}") = "EngineBay.Logging.Tests", "logging\EngineBay.Logging.Tests\EngineBay.Logging.Tests.csproj", "{72E74899-3F44-429E-97C6-34C4357260AD}"
EndProject
Project("{2150E333-8FDC-42A3-9474-1A3956D46DE8}") = "module-template", "module-template", "{58E501DF-95F2-40FC-BC41-84FF60D9A9FF}"
EndProject
Project("{FAE04EC0-301F-11D3-BF4B-00C04F79EFBC}") = "EngineBay.ModuleTemplate", "module-template\EngineBay.ModuleTemplate\EngineBay.ModuleTemplate.csproj", "{00369AAA-7EA0-40DF-84CC-34BB98E14BA8}"
EndProject
Project("{FAE04EC0-301F-11D3-BF4B-00C04F79EFBC}") = "EngineBay.ModuleTemplate.Tests", "module-template\EngineBay.ModuleTemplate.Tests\EngineBay.ModuleTemplate.Tests.csproj", "{B75EA6CA-3A25-49D2-9D1A-3C42ED971FBB}"
EndProject
Project("{2150E333-8FDC-42A3-9474-1A3956D46DE8}") = "persistence", "persistence", "{153C2563-C169-4F5A-9737-0AD669934AA8}"
EndProject
Project("{FAE04EC0-301F-11D3-BF4B-00C04F79EFBC}") = "EngineBay.Persistence", "persistence\EngineBay.Persistence\EngineBay.Persistence.csproj", "{27B286A8-8B6B-47FF-893E-7C5F77778C94}"
EndProject
Project("{FAE04EC0-301F-11D3-BF4B-00C04F79EFBC}") = "EngineBay.Persistence.Tests", "persistence\EngineBay.Persistence.Tests\EngineBay.Persistence.Tests.csproj", "{EF1C628B-A164-4C90-A82F-450CCE270356}"
EndProject
Project("{2150E333-8FDC-42A3-9474-1A3956D46DE8}") = "sheet-functions", "sheet-functions", "{42F84A2D-6463-4E29-A9E1-F208E118A295}"
EndProject
Project("{FAE04EC0-301F-11D3-BF4B-00C04F79EFBC}") = "EngineBay.SheetFunctions", "sheet-functions\EngineBay.SheetFunctions\EngineBay.SheetFunctions.csproj", "{A87148C8-8259-439E-B937-836AE57783B3}"
EndProject
Project("{FAE04EC0-301F-11D3-BF4B-00C04F79EFBC}") = "EngineBay.SheetFunctions.Tests", "sheet-functions\EngineBay.SheetFunctions.Tests\EngineBay.SheetFunctions.Tests.csproj", "{0A4DD947-45D2-4670-83C7-74718DF8BA90}"
EndProject
Project("{2150E333-8FDC-42A3-9474-1A3956D46DE8}") = "telemetry", "telemetry", "{05875F31-AA3C-4A3C-87AB-0E3985AB5869}"
EndProject
Project("{FAE04EC0-301F-11D3-BF4B-00C04F79EFBC}") = "EngineBay.Telemetry", "telemetry\EngineBay.Telemetry\EngineBay.Telemetry.csproj", "{99024A80-A762-4EF1-8E0E-C0DE481CF5EA}"
EndProject
Project("{FAE04EC0-301F-11D3-BF4B-00C04F79EFBC}") = "EngineBay.Telemetry.Tests", "telemetry\EngineBay.Telemetry.Tests\EngineBay.Telemetry.Tests.csproj", "{4A81778A-81BF-4446-BFAC-7C5191017466}"
EndProject
Project("{2150E333-8FDC-42A3-9474-1A3956D46DE8}") = "demo-api", "demo-api", "{74DD52C2-421A-4407-BF31-29F4B1D29EEF}"
EndProject
Project("{FAE04EC0-301F-11D3-BF4B-00C04F79EFBC}") = "EngineBay.DemoApi", "demo-api\EngineBay.DemoApi\EngineBay.DemoApi.csproj", "{2865D7D3-37CF-438C-AC9A-4EFB93D52713}"
EndProject
Project("{FAE04EC0-301F-11D3-BF4B-00C04F79EFBC}") = "EngineBay.DemoApi.Tests", "demo-api\EngineBay.DemoApi.Tests\EngineBay.DemoApi.Tests.csproj", "{0E7B7D66-E13F-42C6-80D8-756799F29DFD}"
EndProject
Project("{2150E333-8FDC-42A3-9474-1A3956D46DE8}") = "auditing", "auditing", "{4B66BBE1-7843-4E13-889C-12FA2F6E8D25}"
EndProject
Project("{FAE04EC0-301F-11D3-BF4B-00C04F79EFBC}") = "EngineBay.Auditing", "auditing\EngineBay.Auditing\EngineBay.Auditing.csproj", "{1A11B739-D02A-4ECE-925B-7C62184624FB}"
EndProject
Project("{FAE04EC0-301F-11D3-BF4B-00C04F79EFBC}") = "EngineBay.Auditing.Tests", "auditing\EngineBay.Auditing.Tests\EngineBay.Auditing.Tests.csproj", "{A63CEF74-14DF-4512-8699-5587DA89E287}"
EndProject
Project("{2150E333-8FDC-42A3-9474-1A3956D46DE8}") = "rate-limiting", "rate-limiting", "{A8CBED34-58F4-4018-9599-292184A84F1A}"
EndProject
Project("{FAE04EC0-301F-11D3-BF4B-00C04F79EFBC}") = "EngineBay.RateLimiting", "rate-limiting\EngineBay.RateLimiting\EngineBay.RateLimiting.csproj", "{57DFE6E6-78E1-4CD8-B6F1-542FD46DA544}"
EndProject
Project("{FAE04EC0-301F-11D3-BF4B-00C04F79EFBC}") = "EngineBay.RateLimiting.Tests", "rate-limiting\EngineBay.RateLimiting.Tests\EngineBay.RateLimiting.Tests.csproj", "{6DAEC959-90C0-4D44-AB9E-A3DBC01624F1}"
EndProject
Global
	GlobalSection(SolutionConfigurationPlatforms) = preSolution
		Debug|Any CPU = Debug|Any CPU
		Release|Any CPU = Release|Any CPU
	EndGlobalSection
	GlobalSection(SolutionProperties) = preSolution
		HideSolutionNode = FALSE
	EndGlobalSection
	GlobalSection(ProjectConfigurationPlatforms) = postSolution
		{685AAA18-2CEC-4F2C-9A65-30BC7B59619E}.Debug|Any CPU.ActiveCfg = Debug|Any CPU
		{685AAA18-2CEC-4F2C-9A65-30BC7B59619E}.Debug|Any CPU.Build.0 = Debug|Any CPU
		{685AAA18-2CEC-4F2C-9A65-30BC7B59619E}.Release|Any CPU.ActiveCfg = Release|Any CPU
		{685AAA18-2CEC-4F2C-9A65-30BC7B59619E}.Release|Any CPU.Build.0 = Release|Any CPU
		{6B686C9F-0148-443E-9963-F36BF9A00BD5}.Debug|Any CPU.ActiveCfg = Debug|Any CPU
		{6B686C9F-0148-443E-9963-F36BF9A00BD5}.Debug|Any CPU.Build.0 = Debug|Any CPU
		{6B686C9F-0148-443E-9963-F36BF9A00BD5}.Release|Any CPU.ActiveCfg = Release|Any CPU
		{6B686C9F-0148-443E-9963-F36BF9A00BD5}.Release|Any CPU.Build.0 = Release|Any CPU
		{D96764EC-CFB4-4476-9157-D182AF966C7E}.Debug|Any CPU.ActiveCfg = Debug|Any CPU
		{D96764EC-CFB4-4476-9157-D182AF966C7E}.Debug|Any CPU.Build.0 = Debug|Any CPU
		{D96764EC-CFB4-4476-9157-D182AF966C7E}.Release|Any CPU.ActiveCfg = Release|Any CPU
		{D96764EC-CFB4-4476-9157-D182AF966C7E}.Release|Any CPU.Build.0 = Release|Any CPU
		{554CCA51-3790-40ED-BBD7-ECD1BCD830C5}.Debug|Any CPU.ActiveCfg = Debug|Any CPU
		{554CCA51-3790-40ED-BBD7-ECD1BCD830C5}.Debug|Any CPU.Build.0 = Debug|Any CPU
		{554CCA51-3790-40ED-BBD7-ECD1BCD830C5}.Release|Any CPU.ActiveCfg = Release|Any CPU
		{554CCA51-3790-40ED-BBD7-ECD1BCD830C5}.Release|Any CPU.Build.0 = Release|Any CPU
		{BAA09632-8CE6-48F3-A696-98A676B59280}.Debug|Any CPU.ActiveCfg = Debug|Any CPU
		{BAA09632-8CE6-48F3-A696-98A676B59280}.Debug|Any CPU.Build.0 = Debug|Any CPU
		{BAA09632-8CE6-48F3-A696-98A676B59280}.Release|Any CPU.ActiveCfg = Release|Any CPU
		{BAA09632-8CE6-48F3-A696-98A676B59280}.Release|Any CPU.Build.0 = Release|Any CPU
		{D270D98A-99A6-492A-B002-502C3B71ADF2}.Debug|Any CPU.ActiveCfg = Debug|Any CPU
		{D270D98A-99A6-492A-B002-502C3B71ADF2}.Debug|Any CPU.Build.0 = Debug|Any CPU
		{D270D98A-99A6-492A-B002-502C3B71ADF2}.Release|Any CPU.ActiveCfg = Release|Any CPU
		{D270D98A-99A6-492A-B002-502C3B71ADF2}.Release|Any CPU.Build.0 = Release|Any CPU
		{4A1D9F5F-F443-4566-AD13-71FEAF39DB75}.Debug|Any CPU.ActiveCfg = Debug|Any CPU
		{4A1D9F5F-F443-4566-AD13-71FEAF39DB75}.Debug|Any CPU.Build.0 = Debug|Any CPU
		{4A1D9F5F-F443-4566-AD13-71FEAF39DB75}.Release|Any CPU.ActiveCfg = Release|Any CPU
		{4A1D9F5F-F443-4566-AD13-71FEAF39DB75}.Release|Any CPU.Build.0 = Release|Any CPU
		{176CAF44-81FC-4F8F-825B-294F81AC1991}.Debug|Any CPU.ActiveCfg = Debug|Any CPU
		{176CAF44-81FC-4F8F-825B-294F81AC1991}.Debug|Any CPU.Build.0 = Debug|Any CPU
		{176CAF44-81FC-4F8F-825B-294F81AC1991}.Release|Any CPU.ActiveCfg = Release|Any CPU
		{176CAF44-81FC-4F8F-825B-294F81AC1991}.Release|Any CPU.Build.0 = Release|Any CPU
		{71701063-7424-431A-86EF-F483FBB35FB8}.Debug|Any CPU.ActiveCfg = Debug|Any CPU
		{71701063-7424-431A-86EF-F483FBB35FB8}.Debug|Any CPU.Build.0 = Debug|Any CPU
		{71701063-7424-431A-86EF-F483FBB35FB8}.Release|Any CPU.ActiveCfg = Release|Any CPU
		{71701063-7424-431A-86EF-F483FBB35FB8}.Release|Any CPU.Build.0 = Release|Any CPU
		{6B88148C-3A5E-43BA-AF54-A2269547A1DB}.Debug|Any CPU.ActiveCfg = Debug|Any CPU
		{6B88148C-3A5E-43BA-AF54-A2269547A1DB}.Debug|Any CPU.Build.0 = Debug|Any CPU
		{6B88148C-3A5E-43BA-AF54-A2269547A1DB}.Release|Any CPU.ActiveCfg = Release|Any CPU
		{6B88148C-3A5E-43BA-AF54-A2269547A1DB}.Release|Any CPU.Build.0 = Release|Any CPU
		{6E182CC3-E268-4919-9F50-FC2274149B1D}.Debug|Any CPU.ActiveCfg = Debug|Any CPU
		{6E182CC3-E268-4919-9F50-FC2274149B1D}.Debug|Any CPU.Build.0 = Debug|Any CPU
		{6E182CC3-E268-4919-9F50-FC2274149B1D}.Release|Any CPU.ActiveCfg = Release|Any CPU
		{6E182CC3-E268-4919-9F50-FC2274149B1D}.Release|Any CPU.Build.0 = Release|Any CPU
		{F85E7ED0-6C65-4190-9404-D415242D42FE}.Debug|Any CPU.ActiveCfg = Debug|Any CPU
		{F85E7ED0-6C65-4190-9404-D415242D42FE}.Debug|Any CPU.Build.0 = Debug|Any CPU
		{F85E7ED0-6C65-4190-9404-D415242D42FE}.Release|Any CPU.ActiveCfg = Release|Any CPU
		{F85E7ED0-6C65-4190-9404-D415242D42FE}.Release|Any CPU.Build.0 = Release|Any CPU
		{EA45613B-2CB0-4BF5-BC44-8AA20394EB2F}.Debug|Any CPU.ActiveCfg = Debug|Any CPU
		{EA45613B-2CB0-4BF5-BC44-8AA20394EB2F}.Debug|Any CPU.Build.0 = Debug|Any CPU
		{EA45613B-2CB0-4BF5-BC44-8AA20394EB2F}.Release|Any CPU.ActiveCfg = Release|Any CPU
		{EA45613B-2CB0-4BF5-BC44-8AA20394EB2F}.Release|Any CPU.Build.0 = Release|Any CPU
		{66CC91B3-5488-43A5-B704-86F32F8CEBF3}.Debug|Any CPU.ActiveCfg = Debug|Any CPU
		{66CC91B3-5488-43A5-B704-86F32F8CEBF3}.Debug|Any CPU.Build.0 = Debug|Any CPU
		{66CC91B3-5488-43A5-B704-86F32F8CEBF3}.Release|Any CPU.ActiveCfg = Release|Any CPU
		{66CC91B3-5488-43A5-B704-86F32F8CEBF3}.Release|Any CPU.Build.0 = Release|Any CPU
		{41839BDF-FE04-42DE-A881-1219CF91F683}.Debug|Any CPU.ActiveCfg = Debug|Any CPU
		{41839BDF-FE04-42DE-A881-1219CF91F683}.Debug|Any CPU.Build.0 = Debug|Any CPU
		{41839BDF-FE04-42DE-A881-1219CF91F683}.Release|Any CPU.ActiveCfg = Release|Any CPU
		{41839BDF-FE04-42DE-A881-1219CF91F683}.Release|Any CPU.Build.0 = Release|Any CPU
		{74656125-2471-4C76-9CE1-65C4FA4E6010}.Debug|Any CPU.ActiveCfg = Debug|Any CPU
		{74656125-2471-4C76-9CE1-65C4FA4E6010}.Debug|Any CPU.Build.0 = Debug|Any CPU
		{74656125-2471-4C76-9CE1-65C4FA4E6010}.Release|Any CPU.ActiveCfg = Release|Any CPU
		{74656125-2471-4C76-9CE1-65C4FA4E6010}.Release|Any CPU.Build.0 = Release|Any CPU
		{A88BC905-CCFA-4E0D-80C3-CDF2B902268E}.Debug|Any CPU.ActiveCfg = Debug|Any CPU
		{A88BC905-CCFA-4E0D-80C3-CDF2B902268E}.Debug|Any CPU.Build.0 = Debug|Any CPU
		{A88BC905-CCFA-4E0D-80C3-CDF2B902268E}.Release|Any CPU.ActiveCfg = Release|Any CPU
		{A88BC905-CCFA-4E0D-80C3-CDF2B902268E}.Release|Any CPU.Build.0 = Release|Any CPU
		{E78FFEC6-3101-4593-A516-E8B0F00564FA}.Debug|Any CPU.ActiveCfg = Debug|Any CPU
		{E78FFEC6-3101-4593-A516-E8B0F00564FA}.Debug|Any CPU.Build.0 = Debug|Any CPU
		{E78FFEC6-3101-4593-A516-E8B0F00564FA}.Release|Any CPU.ActiveCfg = Release|Any CPU
		{E78FFEC6-3101-4593-A516-E8B0F00564FA}.Release|Any CPU.Build.0 = Release|Any CPU
		{3A7EC47A-43E8-43A7-886B-D2FF217A967F}.Debug|Any CPU.ActiveCfg = Debug|Any CPU
		{3A7EC47A-43E8-43A7-886B-D2FF217A967F}.Debug|Any CPU.Build.0 = Debug|Any CPU
		{3A7EC47A-43E8-43A7-886B-D2FF217A967F}.Release|Any CPU.ActiveCfg = Release|Any CPU
		{3A7EC47A-43E8-43A7-886B-D2FF217A967F}.Release|Any CPU.Build.0 = Release|Any CPU
		{0814E820-CC84-4224-A7FB-800DF954F9C7}.Debug|Any CPU.ActiveCfg = Debug|Any CPU
		{0814E820-CC84-4224-A7FB-800DF954F9C7}.Debug|Any CPU.Build.0 = Debug|Any CPU
		{0814E820-CC84-4224-A7FB-800DF954F9C7}.Release|Any CPU.ActiveCfg = Release|Any CPU
		{0814E820-CC84-4224-A7FB-800DF954F9C7}.Release|Any CPU.Build.0 = Release|Any CPU
		{086C5C43-256B-44B1-B693-8C398C4EFB32}.Debug|Any CPU.ActiveCfg = Debug|Any CPU
		{086C5C43-256B-44B1-B693-8C398C4EFB32}.Debug|Any CPU.Build.0 = Debug|Any CPU
		{086C5C43-256B-44B1-B693-8C398C4EFB32}.Release|Any CPU.ActiveCfg = Release|Any CPU
		{086C5C43-256B-44B1-B693-8C398C4EFB32}.Release|Any CPU.Build.0 = Release|Any CPU
		{FB1EDAA1-9A02-48D4-8EFC-C742B39C3E87}.Debug|Any CPU.ActiveCfg = Debug|Any CPU
		{FB1EDAA1-9A02-48D4-8EFC-C742B39C3E87}.Debug|Any CPU.Build.0 = Debug|Any CPU
		{FB1EDAA1-9A02-48D4-8EFC-C742B39C3E87}.Release|Any CPU.ActiveCfg = Release|Any CPU
		{FB1EDAA1-9A02-48D4-8EFC-C742B39C3E87}.Release|Any CPU.Build.0 = Release|Any CPU
		{68BBEBE9-C101-4959-8987-B3CB7469A806}.Debug|Any CPU.ActiveCfg = Debug|Any CPU
		{68BBEBE9-C101-4959-8987-B3CB7469A806}.Debug|Any CPU.Build.0 = Debug|Any CPU
		{68BBEBE9-C101-4959-8987-B3CB7469A806}.Release|Any CPU.ActiveCfg = Release|Any CPU
		{68BBEBE9-C101-4959-8987-B3CB7469A806}.Release|Any CPU.Build.0 = Release|Any CPU
		{86D62AF9-BA91-430B-B09D-3462DE572B4A}.Debug|Any CPU.ActiveCfg = Debug|Any CPU
		{86D62AF9-BA91-430B-B09D-3462DE572B4A}.Debug|Any CPU.Build.0 = Debug|Any CPU
		{86D62AF9-BA91-430B-B09D-3462DE572B4A}.Release|Any CPU.ActiveCfg = Release|Any CPU
		{86D62AF9-BA91-430B-B09D-3462DE572B4A}.Release|Any CPU.Build.0 = Release|Any CPU
		{1ED174B4-8331-4A21-AE54-73F3EA487FAF}.Debug|Any CPU.ActiveCfg = Debug|Any CPU
		{1ED174B4-8331-4A21-AE54-73F3EA487FAF}.Debug|Any CPU.Build.0 = Debug|Any CPU
		{1ED174B4-8331-4A21-AE54-73F3EA487FAF}.Release|Any CPU.ActiveCfg = Release|Any CPU
		{1ED174B4-8331-4A21-AE54-73F3EA487FAF}.Release|Any CPU.Build.0 = Release|Any CPU
		{72E74899-3F44-429E-97C6-34C4357260AD}.Debug|Any CPU.ActiveCfg = Debug|Any CPU
		{72E74899-3F44-429E-97C6-34C4357260AD}.Debug|Any CPU.Build.0 = Debug|Any CPU
		{72E74899-3F44-429E-97C6-34C4357260AD}.Release|Any CPU.ActiveCfg = Release|Any CPU
		{72E74899-3F44-429E-97C6-34C4357260AD}.Release|Any CPU.Build.0 = Release|Any CPU
		{00369AAA-7EA0-40DF-84CC-34BB98E14BA8}.Debug|Any CPU.ActiveCfg = Debug|Any CPU
		{00369AAA-7EA0-40DF-84CC-34BB98E14BA8}.Debug|Any CPU.Build.0 = Debug|Any CPU
		{00369AAA-7EA0-40DF-84CC-34BB98E14BA8}.Release|Any CPU.ActiveCfg = Release|Any CPU
		{00369AAA-7EA0-40DF-84CC-34BB98E14BA8}.Release|Any CPU.Build.0 = Release|Any CPU
		{B75EA6CA-3A25-49D2-9D1A-3C42ED971FBB}.Debug|Any CPU.ActiveCfg = Debug|Any CPU
		{B75EA6CA-3A25-49D2-9D1A-3C42ED971FBB}.Debug|Any CPU.Build.0 = Debug|Any CPU
		{B75EA6CA-3A25-49D2-9D1A-3C42ED971FBB}.Release|Any CPU.ActiveCfg = Release|Any CPU
		{B75EA6CA-3A25-49D2-9D1A-3C42ED971FBB}.Release|Any CPU.Build.0 = Release|Any CPU
		{27B286A8-8B6B-47FF-893E-7C5F77778C94}.Debug|Any CPU.ActiveCfg = Debug|Any CPU
		{27B286A8-8B6B-47FF-893E-7C5F77778C94}.Debug|Any CPU.Build.0 = Debug|Any CPU
		{27B286A8-8B6B-47FF-893E-7C5F77778C94}.Release|Any CPU.ActiveCfg = Release|Any CPU
		{27B286A8-8B6B-47FF-893E-7C5F77778C94}.Release|Any CPU.Build.0 = Release|Any CPU
		{EF1C628B-A164-4C90-A82F-450CCE270356}.Debug|Any CPU.ActiveCfg = Debug|Any CPU
		{EF1C628B-A164-4C90-A82F-450CCE270356}.Debug|Any CPU.Build.0 = Debug|Any CPU
		{EF1C628B-A164-4C90-A82F-450CCE270356}.Release|Any CPU.ActiveCfg = Release|Any CPU
		{EF1C628B-A164-4C90-A82F-450CCE270356}.Release|Any CPU.Build.0 = Release|Any CPU
		{A87148C8-8259-439E-B937-836AE57783B3}.Debug|Any CPU.ActiveCfg = Debug|Any CPU
		{A87148C8-8259-439E-B937-836AE57783B3}.Debug|Any CPU.Build.0 = Debug|Any CPU
		{A87148C8-8259-439E-B937-836AE57783B3}.Release|Any CPU.ActiveCfg = Release|Any CPU
		{A87148C8-8259-439E-B937-836AE57783B3}.Release|Any CPU.Build.0 = Release|Any CPU
		{0A4DD947-45D2-4670-83C7-74718DF8BA90}.Debug|Any CPU.ActiveCfg = Debug|Any CPU
		{0A4DD947-45D2-4670-83C7-74718DF8BA90}.Debug|Any CPU.Build.0 = Debug|Any CPU
		{0A4DD947-45D2-4670-83C7-74718DF8BA90}.Release|Any CPU.ActiveCfg = Release|Any CPU
		{0A4DD947-45D2-4670-83C7-74718DF8BA90}.Release|Any CPU.Build.0 = Release|Any CPU
		{99024A80-A762-4EF1-8E0E-C0DE481CF5EA}.Debug|Any CPU.ActiveCfg = Debug|Any CPU
		{99024A80-A762-4EF1-8E0E-C0DE481CF5EA}.Debug|Any CPU.Build.0 = Debug|Any CPU
		{99024A80-A762-4EF1-8E0E-C0DE481CF5EA}.Release|Any CPU.ActiveCfg = Release|Any CPU
		{99024A80-A762-4EF1-8E0E-C0DE481CF5EA}.Release|Any CPU.Build.0 = Release|Any CPU
		{4A81778A-81BF-4446-BFAC-7C5191017466}.Debug|Any CPU.ActiveCfg = Debug|Any CPU
		{4A81778A-81BF-4446-BFAC-7C5191017466}.Debug|Any CPU.Build.0 = Debug|Any CPU
		{4A81778A-81BF-4446-BFAC-7C5191017466}.Release|Any CPU.ActiveCfg = Release|Any CPU
		{4A81778A-81BF-4446-BFAC-7C5191017466}.Release|Any CPU.Build.0 = Release|Any CPU
		{2865D7D3-37CF-438C-AC9A-4EFB93D52713}.Debug|Any CPU.ActiveCfg = Debug|Any CPU
		{2865D7D3-37CF-438C-AC9A-4EFB93D52713}.Debug|Any CPU.Build.0 = Debug|Any CPU
		{2865D7D3-37CF-438C-AC9A-4EFB93D52713}.Release|Any CPU.ActiveCfg = Release|Any CPU
		{2865D7D3-37CF-438C-AC9A-4EFB93D52713}.Release|Any CPU.Build.0 = Release|Any CPU
		{0E7B7D66-E13F-42C6-80D8-756799F29DFD}.Debug|Any CPU.ActiveCfg = Debug|Any CPU
		{0E7B7D66-E13F-42C6-80D8-756799F29DFD}.Debug|Any CPU.Build.0 = Debug|Any CPU
		{0E7B7D66-E13F-42C6-80D8-756799F29DFD}.Release|Any CPU.ActiveCfg = Release|Any CPU
		{0E7B7D66-E13F-42C6-80D8-756799F29DFD}.Release|Any CPU.Build.0 = Release|Any CPU
		{1A11B739-D02A-4ECE-925B-7C62184624FB}.Debug|Any CPU.ActiveCfg = Debug|Any CPU
		{1A11B739-D02A-4ECE-925B-7C62184624FB}.Debug|Any CPU.Build.0 = Debug|Any CPU
		{1A11B739-D02A-4ECE-925B-7C62184624FB}.Release|Any CPU.ActiveCfg = Release|Any CPU
		{1A11B739-D02A-4ECE-925B-7C62184624FB}.Release|Any CPU.Build.0 = Release|Any CPU
		{A63CEF74-14DF-4512-8699-5587DA89E287}.Debug|Any CPU.ActiveCfg = Debug|Any CPU
		{A63CEF74-14DF-4512-8699-5587DA89E287}.Debug|Any CPU.Build.0 = Debug|Any CPU
		{A63CEF74-14DF-4512-8699-5587DA89E287}.Release|Any CPU.ActiveCfg = Release|Any CPU
		{A63CEF74-14DF-4512-8699-5587DA89E287}.Release|Any CPU.Build.0 = Release|Any CPU
		{57DFE6E6-78E1-4CD8-B6F1-542FD46DA544}.Debug|Any CPU.ActiveCfg = Debug|Any CPU
		{57DFE6E6-78E1-4CD8-B6F1-542FD46DA544}.Debug|Any CPU.Build.0 = Debug|Any CPU
		{57DFE6E6-78E1-4CD8-B6F1-542FD46DA544}.Release|Any CPU.ActiveCfg = Release|Any CPU
		{57DFE6E6-78E1-4CD8-B6F1-542FD46DA544}.Release|Any CPU.Build.0 = Release|Any CPU
		{6DAEC959-90C0-4D44-AB9E-A3DBC01624F1}.Debug|Any CPU.ActiveCfg = Debug|Any CPU
		{6DAEC959-90C0-4D44-AB9E-A3DBC01624F1}.Debug|Any CPU.Build.0 = Debug|Any CPU
		{6DAEC959-90C0-4D44-AB9E-A3DBC01624F1}.Release|Any CPU.ActiveCfg = Release|Any CPU
		{6DAEC959-90C0-4D44-AB9E-A3DBC01624F1}.Release|Any CPU.Build.0 = Release|Any CPU
	EndGlobalSection
	GlobalSection(NestedProjects) = preSolution
		{685AAA18-2CEC-4F2C-9A65-30BC7B59619E} = {48437529-89D3-4B9A-BF06-2D0658AFE256}
		{6B686C9F-0148-443E-9963-F36BF9A00BD5} = {48437529-89D3-4B9A-BF06-2D0658AFE256}
		{D96764EC-CFB4-4476-9157-D182AF966C7E} = {F77B3D31-6353-462C-8A52-8137FE6BA29B}
		{554CCA51-3790-40ED-BBD7-ECD1BCD830C5} = {F77B3D31-6353-462C-8A52-8137FE6BA29B}
		{BAA09632-8CE6-48F3-A696-98A676B59280} = {D6F19697-8A8B-4F92-8291-6757113FFFDC}
		{D270D98A-99A6-492A-B002-502C3B71ADF2} = {D6F19697-8A8B-4F92-8291-6757113FFFDC}
		{4A1D9F5F-F443-4566-AD13-71FEAF39DB75} = {C9789D27-5FEE-48CA-9560-62B83A7DC501}
		{176CAF44-81FC-4F8F-825B-294F81AC1991} = {C9789D27-5FEE-48CA-9560-62B83A7DC501}
		{71701063-7424-431A-86EF-F483FBB35FB8} = {62627660-831C-4AFB-8E77-D06D1D9A976C}
		{6B88148C-3A5E-43BA-AF54-A2269547A1DB} = {62627660-831C-4AFB-8E77-D06D1D9A976C}
		{6E182CC3-E268-4919-9F50-FC2274149B1D} = {CF8D2FE3-B4A9-41EB-ABFB-9FB9C548BFB6}
		{F85E7ED0-6C65-4190-9404-D415242D42FE} = {CF8D2FE3-B4A9-41EB-ABFB-9FB9C548BFB6}
		{EA45613B-2CB0-4BF5-BC44-8AA20394EB2F} = {498D71BB-8CE3-40AC-BFF2-71EAAEC42066}
		{66CC91B3-5488-43A5-B704-86F32F8CEBF3} = {498D71BB-8CE3-40AC-BFF2-71EAAEC42066}
		{41839BDF-FE04-42DE-A881-1219CF91F683} = {C753DF7C-163A-4562-AD6A-2A89BC45A9F2}
		{74656125-2471-4C76-9CE1-65C4FA4E6010} = {C753DF7C-163A-4562-AD6A-2A89BC45A9F2}
		{A88BC905-CCFA-4E0D-80C3-CDF2B902268E} = {B26420F5-9D79-4BCA-BDAF-99E51B8BE0E3}
		{E78FFEC6-3101-4593-A516-E8B0F00564FA} = {B26420F5-9D79-4BCA-BDAF-99E51B8BE0E3}
		{3A7EC47A-43E8-43A7-886B-D2FF217A967F} = {10E4D91A-2957-4985-86BE-200A73EF51A6}
		{0814E820-CC84-4224-A7FB-800DF954F9C7} = {10E4D91A-2957-4985-86BE-200A73EF51A6}
		{086C5C43-256B-44B1-B693-8C398C4EFB32} = {45EB3BD1-1F5F-407B-B112-06C1CD943C26}
		{FB1EDAA1-9A02-48D4-8EFC-C742B39C3E87} = {45EB3BD1-1F5F-407B-B112-06C1CD943C26}
		{68BBEBE9-C101-4959-8987-B3CB7469A806} = {2DCECD09-CD82-4039-A2F8-2684195FA0FC}
		{86D62AF9-BA91-430B-B09D-3462DE572B4A} = {2DCECD09-CD82-4039-A2F8-2684195FA0FC}
		{1ED174B4-8331-4A21-AE54-73F3EA487FAF} = {B961A824-3728-4973-B05F-485352B5AA9E}
		{72E74899-3F44-429E-97C6-34C4357260AD} = {B961A824-3728-4973-B05F-485352B5AA9E}
		{00369AAA-7EA0-40DF-84CC-34BB98E14BA8} = {58E501DF-95F2-40FC-BC41-84FF60D9A9FF}
		{B75EA6CA-3A25-49D2-9D1A-3C42ED971FBB} = {58E501DF-95F2-40FC-BC41-84FF60D9A9FF}
		{27B286A8-8B6B-47FF-893E-7C5F77778C94} = {153C2563-C169-4F5A-9737-0AD669934AA8}
		{EF1C628B-A164-4C90-A82F-450CCE270356} = {153C2563-C169-4F5A-9737-0AD669934AA8}
		{A87148C8-8259-439E-B937-836AE57783B3} = {42F84A2D-6463-4E29-A9E1-F208E118A295}
		{0A4DD947-45D2-4670-83C7-74718DF8BA90} = {42F84A2D-6463-4E29-A9E1-F208E118A295}
		{99024A80-A762-4EF1-8E0E-C0DE481CF5EA} = {05875F31-AA3C-4A3C-87AB-0E3985AB5869}
		{4A81778A-81BF-4446-BFAC-7C5191017466} = {05875F31-AA3C-4A3C-87AB-0E3985AB5869}
		{2865D7D3-37CF-438C-AC9A-4EFB93D52713} = {74DD52C2-421A-4407-BF31-29F4B1D29EEF}
		{0E7B7D66-E13F-42C6-80D8-756799F29DFD} = {74DD52C2-421A-4407-BF31-29F4B1D29EEF}
		{1A11B739-D02A-4ECE-925B-7C62184624FB} = {4B66BBE1-7843-4E13-889C-12FA2F6E8D25}
		{A63CEF74-14DF-4512-8699-5587DA89E287} = {4B66BBE1-7843-4E13-889C-12FA2F6E8D25}
		{57DFE6E6-78E1-4CD8-B6F1-542FD46DA544} = {A8CBED34-58F4-4018-9599-292184A84F1A}
		{6DAEC959-90C0-4D44-AB9E-A3DBC01624F1} = {A8CBED34-58F4-4018-9599-292184A84F1A}
	EndGlobalSection
EndGlobal
