
Microsoft Visual Studio Solution File, Format Version 12.00
# Visual Studio Version 17
VisualStudioVersion = 17.0.31903.59
MinimumVisualStudioVersion = 10.0.40219.1
Project("{2150E333-8FDC-42A3-9474-1A3956D46DE8}") = "actor-engine", "actor-engine", "{44DFF85E-433B-4F81-959F-1BA3C1BA2F08}"
EndProject
Project("{FAE04EC0-301F-11D3-BF4B-00C04F79EFBC}") = "EngineBay.ActorEngine", "actor-engine\EngineBay.ActorEngine\EngineBay.ActorEngine.csproj", "{C0B342E1-332E-4AD4-8C51-B821D5BD7DA4}"
EndProject
Project("{FAE04EC0-301F-11D3-BF4B-00C04F79EFBC}") = "EngineBay.ActorEngine.Tests", "actor-engine\EngineBay.ActorEngine.Tests\EngineBay.ActorEngine.Tests.csproj", "{6618BA34-959E-4922-A266-9E4B6BD4A8B8}"
EndProject
Project("{2150E333-8FDC-42A3-9474-1A3956D46DE8}") = "admin-portal", "admin-portal", "{F85C7B54-2688-48B6-A59A-56171AB68187}"
EndProject
Project("{FAE04EC0-301F-11D3-BF4B-00C04F79EFBC}") = "EngineBay.AdminPortal", "admin-portal\EngineBay.AdminPortal\EngineBay.AdminPortal.csproj", "{13030AA7-D0D5-4C26-8641-48728CF49B5B}"
EndProject
Project("{FAE04EC0-301F-11D3-BF4B-00C04F79EFBC}") = "EngineBay.AdminPortal.Tests", "admin-portal\EngineBay.AdminPortal.Tests\EngineBay.AdminPortal.Tests.csproj", "{AE210FE9-49B0-4692-A295-EDA47F684FEE}"
EndProject
Project("{2150E333-8FDC-42A3-9474-1A3956D46DE8}") = "api-documentation", "api-documentation", "{FCFDCA0B-CD82-4751-AD77-CE20D4368D8D}"
EndProject
Project("{FAE04EC0-301F-11D3-BF4B-00C04F79EFBC}") = "EngineBay.ApiDocumentation", "api-documentation\EngineBay.ApiDocumentation\EngineBay.ApiDocumentation.csproj", "{B07C4072-5D37-4624-B9FA-FC12A4959BA8}"
EndProject
Project("{FAE04EC0-301F-11D3-BF4B-00C04F79EFBC}") = "EngineBay.ApiDocumentation.Tests", "api-documentation\EngineBay.ApiDocumentation.Tests\EngineBay.ApiDocumentation.Tests.csproj", "{6F7C3892-721A-45A6-8AB8-979771735D28}"
EndProject
Project("{2150E333-8FDC-42A3-9474-1A3956D46DE8}") = "authentication", "authentication", "{CB55F834-C979-4C6C-9D01-BB94D269A8E9}"
EndProject
Project("{FAE04EC0-301F-11D3-BF4B-00C04F79EFBC}") = "EngineBay.Authentication", "authentication\EngineBay.Authentication\EngineBay.Authentication.csproj", "{F160B54E-D705-47E5-9E0F-5894DC474929}"
EndProject
Project("{FAE04EC0-301F-11D3-BF4B-00C04F79EFBC}") = "EngineBay.Authentication.Tests", "authentication\EngineBay.Authentication.Tests\EngineBay.Authentication.Tests.csproj", "{B005A9B0-2E94-4505-9E06-5F7CB5F6D1CA}"
EndProject
Project("{2150E333-8FDC-42A3-9474-1A3956D46DE8}") = "blueprints", "blueprints", "{78A8FF44-BC44-4EFB-86AA-33D4E85CCF51}"
EndProject
Project("{FAE04EC0-301F-11D3-BF4B-00C04F79EFBC}") = "EngineBay.Blueprints", "blueprints\EngineBay.Blueprints\EngineBay.Blueprints.csproj", "{094C0FAA-8A56-4CD3-B446-ADFB18CB9093}"
EndProject
Project("{FAE04EC0-301F-11D3-BF4B-00C04F79EFBC}") = "EngineBay.Blueprints.Tests", "blueprints\EngineBay.Blueprints.Tests\EngineBay.Blueprints.Tests.csproj", "{80596B1D-D7F9-41AB-B88F-30CAC04C8474}"
EndProject
Project("{2150E333-8FDC-42A3-9474-1A3956D46DE8}") = "core", "core", "{DE688701-E5A2-4FAA-8843-60F329F42289}"
EndProject
Project("{FAE04EC0-301F-11D3-BF4B-00C04F79EFBC}") = "EngineBay.Core", "core\EngineBay.Core\EngineBay.Core.csproj", "{CDB131F3-64F5-4BF6-9F6A-5F8782F621C7}"
EndProject
Project("{FAE04EC0-301F-11D3-BF4B-00C04F79EFBC}") = "EngineBay.Core.Tests", "core\EngineBay.Core.Tests\EngineBay.Core.Tests.csproj", "{619ADC20-49FE-4C19-B9E3-25C31D3D16A6}"
EndProject
Project("{2150E333-8FDC-42A3-9474-1A3956D46DE8}") = "cors", "cors", "{92623D76-4304-4DFC-99E7-DAB5410163A4}"
EndProject
Project("{FAE04EC0-301F-11D3-BF4B-00C04F79EFBC}") = "EngineBay.Cors", "cors\EngineBay.Cors\EngineBay.Cors.csproj", "{19724189-83C3-49F6-8D3D-304EC9CC205B}"
EndProject
Project("{FAE04EC0-301F-11D3-BF4B-00C04F79EFBC}") = "EngineBay.Cors.Tests", "cors\EngineBay.Cors.Tests\EngineBay.Cors.Tests.csproj", "{51D3579A-0B83-49AB-B6DF-C30662F4BE6A}"
EndProject
Project("{2150E333-8FDC-42A3-9474-1A3956D46DE8}") = "data-protection", "data-protection", "{10A259CE-59B6-47F4-9F4E-D80FC736C427}"
EndProject
Project("{FAE04EC0-301F-11D3-BF4B-00C04F79EFBC}") = "EngineBay.DataProtection", "data-protection\EngineBay.DataProtection\EngineBay.DataProtection.csproj", "{EF10AC79-57FD-4012-AB0D-A28A1D27BDC6}"
EndProject
Project("{FAE04EC0-301F-11D3-BF4B-00C04F79EFBC}") = "EngineBay.DataProtection.Tests", "data-protection\EngineBay.DataProtection.Tests\EngineBay.DataProtection.Tests.csproj", "{45958DAC-479F-4CD6-83DD-2736BBA1E2C4}"
EndProject
Project("{2150E333-8FDC-42A3-9474-1A3956D46DE8}") = "database-management", "database-management", "{6EC10BF5-4AE1-4CC8-A4F8-9EF1EE21A8EC}"
EndProject
Project("{FAE04EC0-301F-11D3-BF4B-00C04F79EFBC}") = "EngineBay.DatabaseManagement", "database-management\EngineBay.DatabaseManagement\EngineBay.DatabaseManagement.csproj", "{3E235B36-7A2F-4468-AD57-9B3A47F0F3B9}"
EndProject
Project("{FAE04EC0-301F-11D3-BF4B-00C04F79EFBC}") = "EngineBay.DatabaseManagement.Tests", "database-management\EngineBay.DatabaseManagement.Tests\EngineBay.DatabaseManagement.Tests.csproj", "{21A15570-BFDE-4571-958C-8765D3793DDA}"
EndProject
Project("{2150E333-8FDC-42A3-9474-1A3956D46DE8}") = "demo-module", "demo-module", "{32907FB5-8A71-42C6-AE7E-B3C3C182ABD8}"
EndProject
Project("{FAE04EC0-301F-11D3-BF4B-00C04F79EFBC}") = "EngineBay.DemoModule", "demo-module\EngineBay.DemoModule\EngineBay.DemoModule.csproj", "{9314EB99-05F2-4833-89F9-5B524623473A}"
EndProject
Project("{FAE04EC0-301F-11D3-BF4B-00C04F79EFBC}") = "EngineBay.DemoModule.Tests", "demo-module\EngineBay.DemoModule.Tests\EngineBay.DemoModule.Tests.csproj", "{22021EC1-E083-4A52-B3F0-09AE73B589F0}"
EndProject
Project("{2150E333-8FDC-42A3-9474-1A3956D46DE8}") = "documentation-portal", "documentation-portal", "{7F4FC595-3422-4FC6-82CD-EE962CC4ED42}"
EndProject
Project("{FAE04EC0-301F-11D3-BF4B-00C04F79EFBC}") = "EngineBay.DocumentationPortal", "documentation-portal\EngineBay.DocumentationPortal\EngineBay.DocumentationPortal.csproj", "{A68DFEFE-C3C0-4AB2-B33F-9BD1EE892499}"
EndProject
Project("{FAE04EC0-301F-11D3-BF4B-00C04F79EFBC}") = "EngineBay.DocumentationPortal.Tests", "documentation-portal\EngineBay.DocumentationPortal.Tests\EngineBay.DocumentationPortal.Tests.csproj", "{8A265D36-2CFC-4147-A9EC-0839ABD8DA76}"
EndProject
Project("{2150E333-8FDC-42A3-9474-1A3956D46DE8}") = "engine-bay-ce", "engine-bay-ce", "{56AC5B7A-1018-407B-8FDE-EB8737E7B0BD}"
EndProject
Project("{FAE04EC0-301F-11D3-BF4B-00C04F79EFBC}") = "EngineBay.CommunityEdition", "engine-bay-ce\EngineBay.CommunityEdition\EngineBay.CommunityEdition.csproj", "{001BEFC6-9C6A-4619-99D0-6C843F1F1AC2}"
EndProject
Project("{FAE04EC0-301F-11D3-BF4B-00C04F79EFBC}") = "EngineBay.CommunityEdition.Tests", "engine-bay-ce\EngineBay.CommunityEdition.Tests\EngineBay.CommunityEdition.Tests.csproj", "{0329D734-F214-4E6D-90EA-7218272E63E7}"
EndProject
Project("{2150E333-8FDC-42A3-9474-1A3956D46DE8}") = "logging", "logging", "{DE3E0E83-9A32-4D4D-83B3-8868921A857F}"
EndProject
Project("{FAE04EC0-301F-11D3-BF4B-00C04F79EFBC}") = "EngineBay.Logging", "logging\EngineBay.Logging\EngineBay.Logging.csproj", "{B05A1EE6-7628-41CE-B77D-737A74348691}"
EndProject
Project("{FAE04EC0-301F-11D3-BF4B-00C04F79EFBC}") = "EngineBay.Logging.Tests", "logging\EngineBay.Logging.Tests\EngineBay.Logging.Tests.csproj", "{B3C37809-2533-4120-9100-9651EDE165E2}"
EndProject
Project("{2150E333-8FDC-42A3-9474-1A3956D46DE8}") = "module-template", "module-template", "{25E8E816-D8C1-44AD-9543-C2AF85280D02}"
EndProject
Project("{FAE04EC0-301F-11D3-BF4B-00C04F79EFBC}") = "EngineBay.ModuleTemplate", "module-template\EngineBay.ModuleTemplate\EngineBay.ModuleTemplate.csproj", "{C294DEA8-85A1-4EB0-AD1E-86FA86AA1A50}"
EndProject
Project("{FAE04EC0-301F-11D3-BF4B-00C04F79EFBC}") = "EngineBay.ModuleTemplate.Tests", "module-template\EngineBay.ModuleTemplate.Tests\EngineBay.ModuleTemplate.Tests.csproj", "{64F1BF0D-0134-44BA-8E63-8833D03357A2}"
EndProject
Project("{2150E333-8FDC-42A3-9474-1A3956D46DE8}") = "persistence", "persistence", "{146E2A92-45F8-4E4C-AAFA-442990A5978B}"
EndProject
Project("{FAE04EC0-301F-11D3-BF4B-00C04F79EFBC}") = "EngineBay.Persistence", "persistence\EngineBay.Persistence\EngineBay.Persistence.csproj", "{5559A6C6-EDF0-40F8-A9E8-9579E03AD723}"
EndProject
Project("{FAE04EC0-301F-11D3-BF4B-00C04F79EFBC}") = "EngineBay.Persistence.Tests", "persistence\EngineBay.Persistence.Tests\EngineBay.Persistence.Tests.csproj", "{6B2BB87A-DE73-4921-9F60-568F80BADF37}"
EndProject
Project("{2150E333-8FDC-42A3-9474-1A3956D46DE8}") = "sheet-functions", "sheet-functions", "{E540E962-EFF6-410B-8F87-5DAE4FE61B2E}"
EndProject
Project("{FAE04EC0-301F-11D3-BF4B-00C04F79EFBC}") = "EngineBay.SheetFunctions", "sheet-functions\EngineBay.SheetFunctions\EngineBay.SheetFunctions.csproj", "{1766B337-07C7-41D2-92FB-E6302B022905}"
EndProject
Project("{FAE04EC0-301F-11D3-BF4B-00C04F79EFBC}") = "EngineBay.SheetFunctions.Tests", "sheet-functions\EngineBay.SheetFunctions.Tests\EngineBay.SheetFunctions.Tests.csproj", "{78BE724E-023E-4AB7-8171-9045200501B0}"
EndProject
Project("{2150E333-8FDC-42A3-9474-1A3956D46DE8}") = "telemetry", "telemetry", "{DB681E55-CD91-41A1-A016-44E9C2073BBA}"
EndProject
Project("{FAE04EC0-301F-11D3-BF4B-00C04F79EFBC}") = "EngineBay.Telemetry", "telemetry\EngineBay.Telemetry\EngineBay.Telemetry.csproj", "{4FB6601A-477B-4297-8D8D-E233E3316BA1}"
EndProject
Project("{FAE04EC0-301F-11D3-BF4B-00C04F79EFBC}") = "EngineBay.Telemetry.Tests", "telemetry\EngineBay.Telemetry.Tests\EngineBay.Telemetry.Tests.csproj", "{093DC17F-B5EE-451D-B9C8-0FB0E83E2D17}"
EndProject
Global
	GlobalSection(SolutionConfigurationPlatforms) = preSolution
		Dev|Any CPU = Dev|Any CPU
		Debug|Any CPU = Debug|Any CPU
		Release|Any CPU = Release|Any CPU
	EndGlobalSection
	GlobalSection(SolutionProperties) = preSolution
		HideSolutionNode = FALSE
	EndGlobalSection
	GlobalSection(ProjectConfigurationPlatforms) = postSolution
		{C0B342E1-332E-4AD4-8C51-B821D5BD7DA4}.Dev|Any CPU.ActiveCfg = Dev|Any CPU
		{C0B342E1-332E-4AD4-8C51-B821D5BD7DA4}.Dev|Any CPU.Build.0 = Dev|Any CPU
		{C0B342E1-332E-4AD4-8C51-B821D5BD7DA4}.Debug|Any CPU.ActiveCfg = Debug|Any CPU
		{C0B342E1-332E-4AD4-8C51-B821D5BD7DA4}.Debug|Any CPU.Build.0 = Debug|Any CPU
		{C0B342E1-332E-4AD4-8C51-B821D5BD7DA4}.Release|Any CPU.ActiveCfg = Release|Any CPU
		{C0B342E1-332E-4AD4-8C51-B821D5BD7DA4}.Release|Any CPU.Build.0 = Release|Any CPU
		{6618BA34-959E-4922-A266-9E4B6BD4A8B8}.Dev|Any CPU.ActiveCfg = Dev|Any CPU
		{6618BA34-959E-4922-A266-9E4B6BD4A8B8}.Dev|Any CPU.Build.0 = Dev|Any CPU
		{6618BA34-959E-4922-A266-9E4B6BD4A8B8}.Debug|Any CPU.ActiveCfg = Debug|Any CPU
		{6618BA34-959E-4922-A266-9E4B6BD4A8B8}.Debug|Any CPU.Build.0 = Debug|Any CPU
		{6618BA34-959E-4922-A266-9E4B6BD4A8B8}.Release|Any CPU.ActiveCfg = Release|Any CPU
		{6618BA34-959E-4922-A266-9E4B6BD4A8B8}.Release|Any CPU.Build.0 = Release|Any CPU
		{13030AA7-D0D5-4C26-8641-48728CF49B5B}.Dev|Any CPU.ActiveCfg = Dev|Any CPU
		{13030AA7-D0D5-4C26-8641-48728CF49B5B}.Dev|Any CPU.Build.0 = Dev|Any CPU
		{13030AA7-D0D5-4C26-8641-48728CF49B5B}.Debug|Any CPU.ActiveCfg = Debug|Any CPU
		{13030AA7-D0D5-4C26-8641-48728CF49B5B}.Debug|Any CPU.Build.0 = Debug|Any CPU
		{13030AA7-D0D5-4C26-8641-48728CF49B5B}.Release|Any CPU.ActiveCfg = Release|Any CPU
		{13030AA7-D0D5-4C26-8641-48728CF49B5B}.Release|Any CPU.Build.0 = Release|Any CPU
		{AE210FE9-49B0-4692-A295-EDA47F684FEE}.Dev|Any CPU.ActiveCfg = Dev|Any CPU
		{AE210FE9-49B0-4692-A295-EDA47F684FEE}.Dev|Any CPU.Build.0 = Dev|Any CPU
		{AE210FE9-49B0-4692-A295-EDA47F684FEE}.Debug|Any CPU.ActiveCfg = Debug|Any CPU
		{AE210FE9-49B0-4692-A295-EDA47F684FEE}.Debug|Any CPU.Build.0 = Debug|Any CPU
		{AE210FE9-49B0-4692-A295-EDA47F684FEE}.Release|Any CPU.ActiveCfg = Release|Any CPU
		{AE210FE9-49B0-4692-A295-EDA47F684FEE}.Release|Any CPU.Build.0 = Release|Any CPU
		{B07C4072-5D37-4624-B9FA-FC12A4959BA8}.Dev|Any CPU.ActiveCfg = Dev|Any CPU
		{B07C4072-5D37-4624-B9FA-FC12A4959BA8}.Dev|Any CPU.Build.0 = Dev|Any CPU
		{B07C4072-5D37-4624-B9FA-FC12A4959BA8}.Debug|Any CPU.ActiveCfg = Debug|Any CPU
		{B07C4072-5D37-4624-B9FA-FC12A4959BA8}.Debug|Any CPU.Build.0 = Debug|Any CPU
		{B07C4072-5D37-4624-B9FA-FC12A4959BA8}.Release|Any CPU.ActiveCfg = Release|Any CPU
		{B07C4072-5D37-4624-B9FA-FC12A4959BA8}.Release|Any CPU.Build.0 = Release|Any CPU
		{6F7C3892-721A-45A6-8AB8-979771735D28}.Dev|Any CPU.ActiveCfg = Dev|Any CPU
		{6F7C3892-721A-45A6-8AB8-979771735D28}.Dev|Any CPU.Build.0 = Dev|Any CPU
		{6F7C3892-721A-45A6-8AB8-979771735D28}.Debug|Any CPU.ActiveCfg = Debug|Any CPU
		{6F7C3892-721A-45A6-8AB8-979771735D28}.Debug|Any CPU.Build.0 = Debug|Any CPU
		{6F7C3892-721A-45A6-8AB8-979771735D28}.Release|Any CPU.ActiveCfg = Release|Any CPU
		{6F7C3892-721A-45A6-8AB8-979771735D28}.Release|Any CPU.Build.0 = Release|Any CPU
		{F160B54E-D705-47E5-9E0F-5894DC474929}.Dev|Any CPU.ActiveCfg = Dev|Any CPU
		{F160B54E-D705-47E5-9E0F-5894DC474929}.Dev|Any CPU.Build.0 = Dev|Any CPU
		{F160B54E-D705-47E5-9E0F-5894DC474929}.Debug|Any CPU.ActiveCfg = Debug|Any CPU
		{F160B54E-D705-47E5-9E0F-5894DC474929}.Debug|Any CPU.Build.0 = Debug|Any CPU
		{F160B54E-D705-47E5-9E0F-5894DC474929}.Release|Any CPU.ActiveCfg = Release|Any CPU
		{F160B54E-D705-47E5-9E0F-5894DC474929}.Release|Any CPU.Build.0 = Release|Any CPU
		{B005A9B0-2E94-4505-9E06-5F7CB5F6D1CA}.Dev|Any CPU.ActiveCfg = Dev|Any CPU
		{B005A9B0-2E94-4505-9E06-5F7CB5F6D1CA}.Dev|Any CPU.Build.0 = Dev|Any CPU
		{B005A9B0-2E94-4505-9E06-5F7CB5F6D1CA}.Debug|Any CPU.ActiveCfg = Debug|Any CPU
		{B005A9B0-2E94-4505-9E06-5F7CB5F6D1CA}.Debug|Any CPU.Build.0 = Debug|Any CPU
		{B005A9B0-2E94-4505-9E06-5F7CB5F6D1CA}.Release|Any CPU.ActiveCfg = Release|Any CPU
		{B005A9B0-2E94-4505-9E06-5F7CB5F6D1CA}.Release|Any CPU.Build.0 = Release|Any CPU
		{094C0FAA-8A56-4CD3-B446-ADFB18CB9093}.Dev|Any CPU.ActiveCfg = Dev|Any CPU
		{094C0FAA-8A56-4CD3-B446-ADFB18CB9093}.Dev|Any CPU.Build.0 = Dev|Any CPU
		{094C0FAA-8A56-4CD3-B446-ADFB18CB9093}.Debug|Any CPU.ActiveCfg = Debug|Any CPU
		{094C0FAA-8A56-4CD3-B446-ADFB18CB9093}.Debug|Any CPU.Build.0 = Debug|Any CPU
		{094C0FAA-8A56-4CD3-B446-ADFB18CB9093}.Release|Any CPU.ActiveCfg = Release|Any CPU
		{094C0FAA-8A56-4CD3-B446-ADFB18CB9093}.Release|Any CPU.Build.0 = Release|Any CPU
		{80596B1D-D7F9-41AB-B88F-30CAC04C8474}.Dev|Any CPU.ActiveCfg = Dev|Any CPU
		{80596B1D-D7F9-41AB-B88F-30CAC04C8474}.Dev|Any CPU.Build.0 = Dev|Any CPU
		{80596B1D-D7F9-41AB-B88F-30CAC04C8474}.Debug|Any CPU.ActiveCfg = Debug|Any CPU
		{80596B1D-D7F9-41AB-B88F-30CAC04C8474}.Debug|Any CPU.Build.0 = Debug|Any CPU
		{80596B1D-D7F9-41AB-B88F-30CAC04C8474}.Release|Any CPU.ActiveCfg = Release|Any CPU
		{80596B1D-D7F9-41AB-B88F-30CAC04C8474}.Release|Any CPU.Build.0 = Release|Any CPU
		{CDB131F3-64F5-4BF6-9F6A-5F8782F621C7}.Dev|Any CPU.ActiveCfg = Dev|Any CPU
		{CDB131F3-64F5-4BF6-9F6A-5F8782F621C7}.Dev|Any CPU.Build.0 = Dev|Any CPU
		{CDB131F3-64F5-4BF6-9F6A-5F8782F621C7}.Debug|Any CPU.ActiveCfg = Debug|Any CPU
		{CDB131F3-64F5-4BF6-9F6A-5F8782F621C7}.Debug|Any CPU.Build.0 = Debug|Any CPU
		{CDB131F3-64F5-4BF6-9F6A-5F8782F621C7}.Release|Any CPU.ActiveCfg = Release|Any CPU
		{CDB131F3-64F5-4BF6-9F6A-5F8782F621C7}.Release|Any CPU.Build.0 = Release|Any CPU
		{619ADC20-49FE-4C19-B9E3-25C31D3D16A6}.Dev|Any CPU.ActiveCfg = Dev|Any CPU
		{619ADC20-49FE-4C19-B9E3-25C31D3D16A6}.Dev|Any CPU.Build.0 = Dev|Any CPU
		{619ADC20-49FE-4C19-B9E3-25C31D3D16A6}.Debug|Any CPU.ActiveCfg = Debug|Any CPU
		{619ADC20-49FE-4C19-B9E3-25C31D3D16A6}.Debug|Any CPU.Build.0 = Debug|Any CPU
		{619ADC20-49FE-4C19-B9E3-25C31D3D16A6}.Release|Any CPU.ActiveCfg = Release|Any CPU
		{619ADC20-49FE-4C19-B9E3-25C31D3D16A6}.Release|Any CPU.Build.0 = Release|Any CPU
		{19724189-83C3-49F6-8D3D-304EC9CC205B}.Dev|Any CPU.ActiveCfg = Dev|Any CPU
		{19724189-83C3-49F6-8D3D-304EC9CC205B}.Dev|Any CPU.Build.0 = Dev|Any CPU
		{19724189-83C3-49F6-8D3D-304EC9CC205B}.Debug|Any CPU.ActiveCfg = Debug|Any CPU
		{19724189-83C3-49F6-8D3D-304EC9CC205B}.Debug|Any CPU.Build.0 = Debug|Any CPU
		{19724189-83C3-49F6-8D3D-304EC9CC205B}.Release|Any CPU.ActiveCfg = Release|Any CPU
		{19724189-83C3-49F6-8D3D-304EC9CC205B}.Release|Any CPU.Build.0 = Release|Any CPU
		{51D3579A-0B83-49AB-B6DF-C30662F4BE6A}.Dev|Any CPU.ActiveCfg = Dev|Any CPU
		{51D3579A-0B83-49AB-B6DF-C30662F4BE6A}.Dev|Any CPU.Build.0 = Dev|Any CPU
		{51D3579A-0B83-49AB-B6DF-C30662F4BE6A}.Debug|Any CPU.ActiveCfg = Debug|Any CPU
		{51D3579A-0B83-49AB-B6DF-C30662F4BE6A}.Debug|Any CPU.Build.0 = Debug|Any CPU
		{51D3579A-0B83-49AB-B6DF-C30662F4BE6A}.Release|Any CPU.ActiveCfg = Release|Any CPU
		{51D3579A-0B83-49AB-B6DF-C30662F4BE6A}.Release|Any CPU.Build.0 = Release|Any CPU
		{EF10AC79-57FD-4012-AB0D-A28A1D27BDC6}.Dev|Any CPU.ActiveCfg = Dev|Any CPU
		{EF10AC79-57FD-4012-AB0D-A28A1D27BDC6}.Dev|Any CPU.Build.0 = Dev|Any CPU
		{EF10AC79-57FD-4012-AB0D-A28A1D27BDC6}.Debug|Any CPU.ActiveCfg = Debug|Any CPU
		{EF10AC79-57FD-4012-AB0D-A28A1D27BDC6}.Debug|Any CPU.Build.0 = Debug|Any CPU
		{EF10AC79-57FD-4012-AB0D-A28A1D27BDC6}.Release|Any CPU.ActiveCfg = Release|Any CPU
		{EF10AC79-57FD-4012-AB0D-A28A1D27BDC6}.Release|Any CPU.Build.0 = Release|Any CPU
		{45958DAC-479F-4CD6-83DD-2736BBA1E2C4}.Dev|Any CPU.ActiveCfg = Dev|Any CPU
		{45958DAC-479F-4CD6-83DD-2736BBA1E2C4}.Dev|Any CPU.Build.0 = Dev|Any CPU
		{45958DAC-479F-4CD6-83DD-2736BBA1E2C4}.Debug|Any CPU.ActiveCfg = Debug|Any CPU
		{45958DAC-479F-4CD6-83DD-2736BBA1E2C4}.Debug|Any CPU.Build.0 = Debug|Any CPU
		{45958DAC-479F-4CD6-83DD-2736BBA1E2C4}.Release|Any CPU.ActiveCfg = Release|Any CPU
		{45958DAC-479F-4CD6-83DD-2736BBA1E2C4}.Release|Any CPU.Build.0 = Release|Any CPU
		{3E235B36-7A2F-4468-AD57-9B3A47F0F3B9}.Dev|Any CPU.ActiveCfg = Dev|Any CPU
		{3E235B36-7A2F-4468-AD57-9B3A47F0F3B9}.Dev|Any CPU.Build.0 = Dev|Any CPU
		{3E235B36-7A2F-4468-AD57-9B3A47F0F3B9}.Debug|Any CPU.ActiveCfg = Debug|Any CPU
		{3E235B36-7A2F-4468-AD57-9B3A47F0F3B9}.Debug|Any CPU.Build.0 = Debug|Any CPU
		{3E235B36-7A2F-4468-AD57-9B3A47F0F3B9}.Release|Any CPU.ActiveCfg = Release|Any CPU
		{3E235B36-7A2F-4468-AD57-9B3A47F0F3B9}.Release|Any CPU.Build.0 = Release|Any CPU
		{21A15570-BFDE-4571-958C-8765D3793DDA}.Dev|Any CPU.ActiveCfg = Dev|Any CPU
		{21A15570-BFDE-4571-958C-8765D3793DDA}.Dev|Any CPU.Build.0 = Dev|Any CPU
		{21A15570-BFDE-4571-958C-8765D3793DDA}.Debug|Any CPU.ActiveCfg = Debug|Any CPU
		{21A15570-BFDE-4571-958C-8765D3793DDA}.Debug|Any CPU.Build.0 = Debug|Any CPU
		{21A15570-BFDE-4571-958C-8765D3793DDA}.Release|Any CPU.ActiveCfg = Release|Any CPU
		{21A15570-BFDE-4571-958C-8765D3793DDA}.Release|Any CPU.Build.0 = Release|Any CPU
		{9314EB99-05F2-4833-89F9-5B524623473A}.Dev|Any CPU.ActiveCfg = Dev|Any CPU
		{9314EB99-05F2-4833-89F9-5B524623473A}.Dev|Any CPU.Build.0 = Dev|Any CPU
		{9314EB99-05F2-4833-89F9-5B524623473A}.Debug|Any CPU.ActiveCfg = Debug|Any CPU
		{9314EB99-05F2-4833-89F9-5B524623473A}.Debug|Any CPU.Build.0 = Debug|Any CPU
		{9314EB99-05F2-4833-89F9-5B524623473A}.Release|Any CPU.ActiveCfg = Release|Any CPU
		{9314EB99-05F2-4833-89F9-5B524623473A}.Release|Any CPU.Build.0 = Release|Any CPU
		{22021EC1-E083-4A52-B3F0-09AE73B589F0}.Dev|Any CPU.ActiveCfg = Dev|Any CPU
		{22021EC1-E083-4A52-B3F0-09AE73B589F0}.Dev|Any CPU.Build.0 = Dev|Any CPU
		{22021EC1-E083-4A52-B3F0-09AE73B589F0}.Debug|Any CPU.ActiveCfg = Debug|Any CPU
		{22021EC1-E083-4A52-B3F0-09AE73B589F0}.Debug|Any CPU.Build.0 = Debug|Any CPU
		{22021EC1-E083-4A52-B3F0-09AE73B589F0}.Release|Any CPU.ActiveCfg = Release|Any CPU
		{22021EC1-E083-4A52-B3F0-09AE73B589F0}.Release|Any CPU.Build.0 = Release|Any CPU
		{A68DFEFE-C3C0-4AB2-B33F-9BD1EE892499}.Dev|Any CPU.ActiveCfg = Dev|Any CPU
		{A68DFEFE-C3C0-4AB2-B33F-9BD1EE892499}.Dev|Any CPU.Build.0 = Dev|Any CPU
		{A68DFEFE-C3C0-4AB2-B33F-9BD1EE892499}.Debug|Any CPU.ActiveCfg = Debug|Any CPU
		{A68DFEFE-C3C0-4AB2-B33F-9BD1EE892499}.Debug|Any CPU.Build.0 = Debug|Any CPU
		{A68DFEFE-C3C0-4AB2-B33F-9BD1EE892499}.Release|Any CPU.ActiveCfg = Release|Any CPU
		{A68DFEFE-C3C0-4AB2-B33F-9BD1EE892499}.Release|Any CPU.Build.0 = Release|Any CPU
		{8A265D36-2CFC-4147-A9EC-0839ABD8DA76}.Dev|Any CPU.ActiveCfg = Dev|Any CPU
		{8A265D36-2CFC-4147-A9EC-0839ABD8DA76}.Dev|Any CPU.Build.0 = Dev|Any CPU
		{8A265D36-2CFC-4147-A9EC-0839ABD8DA76}.Debug|Any CPU.ActiveCfg = Debug|Any CPU
		{8A265D36-2CFC-4147-A9EC-0839ABD8DA76}.Debug|Any CPU.Build.0 = Debug|Any CPU
		{8A265D36-2CFC-4147-A9EC-0839ABD8DA76}.Release|Any CPU.ActiveCfg = Release|Any CPU
		{8A265D36-2CFC-4147-A9EC-0839ABD8DA76}.Release|Any CPU.Build.0 = Release|Any CPU
		{001BEFC6-9C6A-4619-99D0-6C843F1F1AC2}.Dev|Any CPU.ActiveCfg = Dev|Any CPU
		{001BEFC6-9C6A-4619-99D0-6C843F1F1AC2}.Dev|Any CPU.Build.0 = Dev|Any CPU
		{001BEFC6-9C6A-4619-99D0-6C843F1F1AC2}.Debug|Any CPU.ActiveCfg = Debug|Any CPU
		{001BEFC6-9C6A-4619-99D0-6C843F1F1AC2}.Debug|Any CPU.Build.0 = Debug|Any CPU
		{001BEFC6-9C6A-4619-99D0-6C843F1F1AC2}.Release|Any CPU.ActiveCfg = Release|Any CPU
		{001BEFC6-9C6A-4619-99D0-6C843F1F1AC2}.Release|Any CPU.Build.0 = Release|Any CPU
		{0329D734-F214-4E6D-90EA-7218272E63E7}.Dev|Any CPU.ActiveCfg = Dev|Any CPU
		{0329D734-F214-4E6D-90EA-7218272E63E7}.Dev|Any CPU.Build.0 = Dev|Any CPU
		{0329D734-F214-4E6D-90EA-7218272E63E7}.Debug|Any CPU.ActiveCfg = Debug|Any CPU
		{0329D734-F214-4E6D-90EA-7218272E63E7}.Debug|Any CPU.Build.0 = Debug|Any CPU
		{0329D734-F214-4E6D-90EA-7218272E63E7}.Release|Any CPU.ActiveCfg = Release|Any CPU
		{0329D734-F214-4E6D-90EA-7218272E63E7}.Release|Any CPU.Build.0 = Release|Any CPU
		{B05A1EE6-7628-41CE-B77D-737A74348691}.Dev|Any CPU.ActiveCfg = Dev|Any CPU
		{B05A1EE6-7628-41CE-B77D-737A74348691}.Dev|Any CPU.Build.0 = Dev|Any CPU
		{B05A1EE6-7628-41CE-B77D-737A74348691}.Debug|Any CPU.ActiveCfg = Debug|Any CPU
		{B05A1EE6-7628-41CE-B77D-737A74348691}.Debug|Any CPU.Build.0 = Debug|Any CPU
		{B05A1EE6-7628-41CE-B77D-737A74348691}.Release|Any CPU.ActiveCfg = Release|Any CPU
		{B05A1EE6-7628-41CE-B77D-737A74348691}.Release|Any CPU.Build.0 = Release|Any CPU
		{B3C37809-2533-4120-9100-9651EDE165E2}.Dev|Any CPU.ActiveCfg = Dev|Any CPU
		{B3C37809-2533-4120-9100-9651EDE165E2}.Dev|Any CPU.Build.0 = Dev|Any CPU
		{B3C37809-2533-4120-9100-9651EDE165E2}.Debug|Any CPU.ActiveCfg = Debug|Any CPU
		{B3C37809-2533-4120-9100-9651EDE165E2}.Debug|Any CPU.Build.0 = Debug|Any CPU
		{B3C37809-2533-4120-9100-9651EDE165E2}.Release|Any CPU.ActiveCfg = Release|Any CPU
		{B3C37809-2533-4120-9100-9651EDE165E2}.Release|Any CPU.Build.0 = Release|Any CPU
		{C294DEA8-85A1-4EB0-AD1E-86FA86AA1A50}.Dev|Any CPU.ActiveCfg = Dev|Any CPU
		{C294DEA8-85A1-4EB0-AD1E-86FA86AA1A50}.Dev|Any CPU.Build.0 = Dev|Any CPU
		{C294DEA8-85A1-4EB0-AD1E-86FA86AA1A50}.Debug|Any CPU.ActiveCfg = Debug|Any CPU
		{C294DEA8-85A1-4EB0-AD1E-86FA86AA1A50}.Debug|Any CPU.Build.0 = Debug|Any CPU
		{C294DEA8-85A1-4EB0-AD1E-86FA86AA1A50}.Release|Any CPU.ActiveCfg = Release|Any CPU
		{C294DEA8-85A1-4EB0-AD1E-86FA86AA1A50}.Release|Any CPU.Build.0 = Release|Any CPU
		{64F1BF0D-0134-44BA-8E63-8833D03357A2}.Dev|Any CPU.ActiveCfg = Dev|Any CPU
		{64F1BF0D-0134-44BA-8E63-8833D03357A2}.Dev|Any CPU.Build.0 = Dev|Any CPU
		{64F1BF0D-0134-44BA-8E63-8833D03357A2}.Debug|Any CPU.ActiveCfg = Debug|Any CPU
		{64F1BF0D-0134-44BA-8E63-8833D03357A2}.Debug|Any CPU.Build.0 = Debug|Any CPU
		{64F1BF0D-0134-44BA-8E63-8833D03357A2}.Release|Any CPU.ActiveCfg = Release|Any CPU
		{64F1BF0D-0134-44BA-8E63-8833D03357A2}.Release|Any CPU.Build.0 = Release|Any CPU
		{5559A6C6-EDF0-40F8-A9E8-9579E03AD723}.Dev|Any CPU.ActiveCfg = Dev|Any CPU
		{5559A6C6-EDF0-40F8-A9E8-9579E03AD723}.Dev|Any CPU.Build.0 = Dev|Any CPU
		{5559A6C6-EDF0-40F8-A9E8-9579E03AD723}.Debug|Any CPU.ActiveCfg = Debug|Any CPU
		{5559A6C6-EDF0-40F8-A9E8-9579E03AD723}.Debug|Any CPU.Build.0 = Debug|Any CPU
		{5559A6C6-EDF0-40F8-A9E8-9579E03AD723}.Release|Any CPU.ActiveCfg = Release|Any CPU
		{5559A6C6-EDF0-40F8-A9E8-9579E03AD723}.Release|Any CPU.Build.0 = Release|Any CPU
		{6B2BB87A-DE73-4921-9F60-568F80BADF37}.Dev|Any CPU.ActiveCfg = Dev|Any CPU
		{6B2BB87A-DE73-4921-9F60-568F80BADF37}.Dev|Any CPU.Build.0 = Dev|Any CPU
		{6B2BB87A-DE73-4921-9F60-568F80BADF37}.Debug|Any CPU.ActiveCfg = Debug|Any CPU
		{6B2BB87A-DE73-4921-9F60-568F80BADF37}.Debug|Any CPU.Build.0 = Debug|Any CPU
		{6B2BB87A-DE73-4921-9F60-568F80BADF37}.Release|Any CPU.ActiveCfg = Release|Any CPU
		{6B2BB87A-DE73-4921-9F60-568F80BADF37}.Release|Any CPU.Build.0 = Release|Any CPU
		{1766B337-07C7-41D2-92FB-E6302B022905}.Dev|Any CPU.ActiveCfg = Dev|Any CPU
		{1766B337-07C7-41D2-92FB-E6302B022905}.Dev|Any CPU.Build.0 = Dev|Any CPU
		{1766B337-07C7-41D2-92FB-E6302B022905}.Debug|Any CPU.ActiveCfg = Debug|Any CPU
		{1766B337-07C7-41D2-92FB-E6302B022905}.Debug|Any CPU.Build.0 = Debug|Any CPU
		{1766B337-07C7-41D2-92FB-E6302B022905}.Release|Any CPU.ActiveCfg = Release|Any CPU
		{1766B337-07C7-41D2-92FB-E6302B022905}.Release|Any CPU.Build.0 = Release|Any CPU
		{78BE724E-023E-4AB7-8171-9045200501B0}.Dev|Any CPU.ActiveCfg = Dev|Any CPU
		{78BE724E-023E-4AB7-8171-9045200501B0}.Dev|Any CPU.Build.0 = Dev|Any CPU
		{78BE724E-023E-4AB7-8171-9045200501B0}.Debug|Any CPU.ActiveCfg = Debug|Any CPU
		{78BE724E-023E-4AB7-8171-9045200501B0}.Debug|Any CPU.Build.0 = Debug|Any CPU
		{78BE724E-023E-4AB7-8171-9045200501B0}.Release|Any CPU.ActiveCfg = Release|Any CPU
		{78BE724E-023E-4AB7-8171-9045200501B0}.Release|Any CPU.Build.0 = Release|Any CPU
		{4FB6601A-477B-4297-8D8D-E233E3316BA1}.Dev|Any CPU.ActiveCfg = Dev|Any CPU
		{4FB6601A-477B-4297-8D8D-E233E3316BA1}.Dev|Any CPU.Build.0 = Dev|Any CPU
		{4FB6601A-477B-4297-8D8D-E233E3316BA1}.Debug|Any CPU.ActiveCfg = Debug|Any CPU
		{4FB6601A-477B-4297-8D8D-E233E3316BA1}.Debug|Any CPU.Build.0 = Debug|Any CPU
		{4FB6601A-477B-4297-8D8D-E233E3316BA1}.Release|Any CPU.ActiveCfg = Release|Any CPU
		{4FB6601A-477B-4297-8D8D-E233E3316BA1}.Release|Any CPU.Build.0 = Release|Any CPU
		{093DC17F-B5EE-451D-B9C8-0FB0E83E2D17}.Dev|Any CPU.ActiveCfg = Dev|Any CPU
		{093DC17F-B5EE-451D-B9C8-0FB0E83E2D17}.Dev|Any CPU.Build.0 = Dev|Any CPU
		{093DC17F-B5EE-451D-B9C8-0FB0E83E2D17}.Debug|Any CPU.ActiveCfg = Debug|Any CPU
		{093DC17F-B5EE-451D-B9C8-0FB0E83E2D17}.Debug|Any CPU.Build.0 = Debug|Any CPU
		{093DC17F-B5EE-451D-B9C8-0FB0E83E2D17}.Release|Any CPU.ActiveCfg = Release|Any CPU
		{093DC17F-B5EE-451D-B9C8-0FB0E83E2D17}.Release|Any CPU.Build.0 = Release|Any CPU
	EndGlobalSection
	GlobalSection(NestedProjects) = preSolution
		{C0B342E1-332E-4AD4-8C51-B821D5BD7DA4} = {44DFF85E-433B-4F81-959F-1BA3C1BA2F08}
		{6618BA34-959E-4922-A266-9E4B6BD4A8B8} = {44DFF85E-433B-4F81-959F-1BA3C1BA2F08}
		{13030AA7-D0D5-4C26-8641-48728CF49B5B} = {F85C7B54-2688-48B6-A59A-56171AB68187}
		{AE210FE9-49B0-4692-A295-EDA47F684FEE} = {F85C7B54-2688-48B6-A59A-56171AB68187}
		{B07C4072-5D37-4624-B9FA-FC12A4959BA8} = {FCFDCA0B-CD82-4751-AD77-CE20D4368D8D}
		{6F7C3892-721A-45A6-8AB8-979771735D28} = {FCFDCA0B-CD82-4751-AD77-CE20D4368D8D}
		{F160B54E-D705-47E5-9E0F-5894DC474929} = {CB55F834-C979-4C6C-9D01-BB94D269A8E9}
		{B005A9B0-2E94-4505-9E06-5F7CB5F6D1CA} = {CB55F834-C979-4C6C-9D01-BB94D269A8E9}
		{094C0FAA-8A56-4CD3-B446-ADFB18CB9093} = {78A8FF44-BC44-4EFB-86AA-33D4E85CCF51}
		{80596B1D-D7F9-41AB-B88F-30CAC04C8474} = {78A8FF44-BC44-4EFB-86AA-33D4E85CCF51}
		{CDB131F3-64F5-4BF6-9F6A-5F8782F621C7} = {DE688701-E5A2-4FAA-8843-60F329F42289}
		{619ADC20-49FE-4C19-B9E3-25C31D3D16A6} = {DE688701-E5A2-4FAA-8843-60F329F42289}
		{19724189-83C3-49F6-8D3D-304EC9CC205B} = {92623D76-4304-4DFC-99E7-DAB5410163A4}
		{51D3579A-0B83-49AB-B6DF-C30662F4BE6A} = {92623D76-4304-4DFC-99E7-DAB5410163A4}
		{EF10AC79-57FD-4012-AB0D-A28A1D27BDC6} = {10A259CE-59B6-47F4-9F4E-D80FC736C427}
		{45958DAC-479F-4CD6-83DD-2736BBA1E2C4} = {10A259CE-59B6-47F4-9F4E-D80FC736C427}
		{3E235B36-7A2F-4468-AD57-9B3A47F0F3B9} = {6EC10BF5-4AE1-4CC8-A4F8-9EF1EE21A8EC}
		{21A15570-BFDE-4571-958C-8765D3793DDA} = {6EC10BF5-4AE1-4CC8-A4F8-9EF1EE21A8EC}
		{9314EB99-05F2-4833-89F9-5B524623473A} = {32907FB5-8A71-42C6-AE7E-B3C3C182ABD8}
		{22021EC1-E083-4A52-B3F0-09AE73B589F0} = {32907FB5-8A71-42C6-AE7E-B3C3C182ABD8}
		{A68DFEFE-C3C0-4AB2-B33F-9BD1EE892499} = {7F4FC595-3422-4FC6-82CD-EE962CC4ED42}
		{8A265D36-2CFC-4147-A9EC-0839ABD8DA76} = {7F4FC595-3422-4FC6-82CD-EE962CC4ED42}
		{001BEFC6-9C6A-4619-99D0-6C843F1F1AC2} = {56AC5B7A-1018-407B-8FDE-EB8737E7B0BD}
		{0329D734-F214-4E6D-90EA-7218272E63E7} = {56AC5B7A-1018-407B-8FDE-EB8737E7B0BD}
		{B05A1EE6-7628-41CE-B77D-737A74348691} = {DE3E0E83-9A32-4D4D-83B3-8868921A857F}
		{B3C37809-2533-4120-9100-9651EDE165E2} = {DE3E0E83-9A32-4D4D-83B3-8868921A857F}
		{C294DEA8-85A1-4EB0-AD1E-86FA86AA1A50} = {25E8E816-D8C1-44AD-9543-C2AF85280D02}
		{64F1BF0D-0134-44BA-8E63-8833D03357A2} = {25E8E816-D8C1-44AD-9543-C2AF85280D02}
		{5559A6C6-EDF0-40F8-A9E8-9579E03AD723} = {146E2A92-45F8-4E4C-AAFA-442990A5978B}
		{6B2BB87A-DE73-4921-9F60-568F80BADF37} = {146E2A92-45F8-4E4C-AAFA-442990A5978B}
		{1766B337-07C7-41D2-92FB-E6302B022905} = {E540E962-EFF6-410B-8F87-5DAE4FE61B2E}
		{78BE724E-023E-4AB7-8171-9045200501B0} = {E540E962-EFF6-410B-8F87-5DAE4FE61B2E}
		{4FB6601A-477B-4297-8D8D-E233E3316BA1} = {DB681E55-CD91-41A1-A016-44E9C2073BBA}
		{093DC17F-B5EE-451D-B9C8-0FB0E83E2D17} = {DB681E55-CD91-41A1-A016-44E9C2073BBA}
	EndGlobalSection
EndGlobal
